{
  "name": "myWebsite",
  "lockfileVersion": 3,
  "requires": true,
  "packages": {
    "": {
      "dependencies": {
        "@wuyuchentr/drag-lib": "^1.0.2",
        "@wuyuchentr/todo-list": "^0.0.1"
      }
    },
    "node_modules/@wuyuchentr/drag-lib": {
      "version": "1.0.2",
      "resolved": "https://registry.npmjs.org/@wuyuchentr/drag-lib/-/drag-lib-1.0.2.tgz",
      "integrity": "sha512-BGdmEDg7fIjYqFaxSQBu1tJ/rtTOJ/mWvAiqnIP+3bc2W0HfiCwRkXTFSNN5iifEe0/hmSWlBVv8alVHDqOM2A=="
    },
    "node_modules/@wuyuchentr/todo-list": {
      "version": "0.0.1",
      "resolved": "https://registry.npmjs.org/@wuyuchentr/todo-list/-/todo-list-0.0.1.tgz",
      "integrity": "sha512-RI3hglVSHUnHhqbTVUkPClABAE3ZmVa9pj0f7ZPX/UTgAEMXgd55PUbFvRQCOPXCK+uu1GAlH1EYmWdwqgtiAg=="
    }
  }
}
